
Microsoft Visual Studio Solution File, Format Version 12.00
# Visual Studio 15
VisualStudioVersion = 15.0.26430.13
MinimumVisualStudioVersion = 10.0.40219.1
Project("{FAE04EC0-301F-11D3-BF4B-00C04F79EFBC}") = "Moto.Net", "Moto.Net\Moto.Net.csproj", "{FA31F775-2F41-4CBF-94F6-797CCA9E3966}"
EndProject
Global
	GlobalSection(SolutionConfigurationPlatforms) = preSolution
		Debug|Any CPU = Debug|Any CPU
		Release|Any CPU = Release|Any CPU
	EndGlobalSection
	GlobalSection(ProjectConfigurationPlatforms) = postSolution
		{FA31F775-2F41-4CBF-94F6-797CCA9E3966}.Debug|Any CPU.ActiveCfg = Debug|Any CPU
		{FA31F775-2F41-4CBF-94F6-797CCA9E3966}.Debug|Any CPU.Build.0 = Debug|Any CPU
		{FA31F775-2F41-4CBF-94F6-797CCA9E3966}.Release|Any CPU.ActiveCfg = Release|Any CPU
		{FA31F775-2F41-4CBF-94F6-797CCA9E3966}.Release|Any CPU.Build.0 = Release|Any CPU
	EndGlobalSection
	GlobalSection(SolutionProperties) = preSolution
		HideSolutionNode = FALSE
	EndGlobalSection
EndGlobal
